<?xml version="1.0" encoding="utf-8"?>
<Project ToolsVersion="4.0" xmlns="http://schemas.microsoft.com/developer/msbuild/2003">
  <ItemGroup>
    <Filter Include="Source Files">
      <UniqueIdentifier>{4FC737F1-C7A5-4376-A066-2A32D752A2FF}</UniqueIdentifier>
      <Extensions>cpp;c;cc;cxx;def;odl;idl;hpj;bat;asm;asmx</Extensions>
    </Filter>
    <Filter Include="Header Files">
      <UniqueIdentifier>{93995380-89BD-4b04-88EB-625FBE52EBFB}</UniqueIdentifier>
      <Extensions>h;hh;hpp;hxx;hm;inl;inc;xsd</Extensions>
    </Filter>
    <Filter Include="Resource Files">
      <UniqueIdentifier>{67DA6AB6-F800-4c08-8B7A-83BB121AAD01}</UniqueIdentifier>
      <Extensions>rc;ico;cur;bmp;dlg;rc2;rct;bin;rgs;gif;jpg;jpeg;jpe;resx;tiff;tif;png;wav;mfcribbon-ms</Extensions>
    </Filter>
    <Filter Include="Source Files\StatisticalTests">
      <UniqueIdentifier>{4e25f697-8ba1-427e-93a7-42d5845620cd}</UniqueIdentifier>
    </Filter>
  </ItemGroup>
  <ItemGroup>
    <ClInclude Include="stdafx.h">
      <Filter>Header Files</Filter>
    </ClInclude>
    <ClInclude Include="targetver.h">
      <Filter>Header Files</Filter>
    </ClInclude>
  </ItemGroup>
  <ItemGroup>
    <ClCompile Include="stdafx.cpp">
      <Filter>Source Files</Filter>
    </ClCompile>
    <ClCompile Include="BitSequenceUnitTest.cpp">
      <Filter>Source Files</Filter>
    </ClCompile>
    <ClCompile Include="BlockFrequencyUnitTest.cpp">
      <Filter>Source Files\StatisticalTests</Filter>
    </ClCompile>
    <ClCompile Include="CusumUnitTest.cpp">
      <Filter>Source Files\StatisticalTests</Filter>
    </ClCompile>
    <ClCompile Include="DiscreteFourierTransformUnitTest.cpp">
      <Filter>Source Files\StatisticalTests</Filter>
    </ClCompile>
    <ClCompile Include="FrequencyUnitTest.cpp">
      <Filter>Source Files\StatisticalTests</Filter>
    </ClCompile>
    <ClCompile Include="OverlappingTemplateMatchingsUnitTest.cpp">
      <Filter>Source Files\StatisticalTests</Filter>
    </ClCompile>
    <ClCompile Include="LongestRunOfOnesTest.cpp">
      <Filter>Source Files\StatisticalTests</Filter>
    </ClCompile>
    <ClCompile Include="RankUnitTest.cpp">
      <Filter>Source Files\StatisticalTests</Filter>
    </ClCompile>
    <ClCompile Include="RunsUnitTest.cpp">
      <Filter>Source Files\StatisticalTests</Filter>
    </ClCompile>
  </ItemGroup>
</Project>